
Microsoft Visual Studio Solution File, Format Version 12.00
# Visual Studio Version 17
VisualStudioVersion = 17.5.2.0
MinimumVisualStudioVersion = 10.0.40219.1
Project("{FAE04EC0-301F-11D3-BF4B-00C04F79EFBC}") = "DentistDB", "DentistDB.csproj", "{EB0114C2-10AC-FAB9-C99F-4B93A7907EF3}"
EndProject
Project("{2150E333-8FDC-42A3-9474-1A3956D46DE8}") = "Tests", "Tests", "{0AB3BF05-4346-4AA6-1389-037BE0695223}"
EndProject
Project("{FAE04EC0-301F-11D3-BF4B-00C04F79EFBC}") = "DentistDB.Tests", "Tests\DentistDB.Tests\DentistDB.Tests.csproj", "{28EA3489-F144-41F1-8F70-23D3A87F6F81}"
EndProject
Global
	GlobalSection(SolutionConfigurationPlatforms) = preSolution
		Debug|Any CPU = Debug|Any CPU
		Debug|x64 = Debug|x64
		Debug|x86 = Debug|x86
		Release|Any CPU = Release|Any CPU
		Release|x64 = Release|x64
		Release|x86 = Release|x86
	EndGlobalSection
	GlobalSection(ProjectConfigurationPlatforms) = postSolution
		{EB0114C2-10AC-FAB9-C99F-4B93A7907EF3}.Debug|Any CPU.ActiveCfg = Debug|Any CPU
		{EB0114C2-10AC-FAB9-C99F-4B93A7907EF3}.Debug|Any CPU.Build.0 = Debug|Any CPU
		{EB0114C2-10AC-FAB9-C99F-4B93A7907EF3}.Debug|x64.ActiveCfg = Debug|Any CPU
		{EB0114C2-10AC-FAB9-C99F-4B93A7907EF3}.Debug|x64.Build.0 = Debug|Any CPU
		{EB0114C2-10AC-FAB9-C99F-4B93A7907EF3}.Debug|x86.ActiveCfg = Debug|Any CPU
		{EB0114C2-10AC-FAB9-C99F-4B93A7907EF3}.Debug|x86.Build.0 = Debug|Any CPU
		{EB0114C2-10AC-FAB9-C99F-4B93A7907EF3}.Release|Any CPU.ActiveCfg = Release|Any CPU
		{EB0114C2-10AC-FAB9-C99F-4B93A7907EF3}.Release|Any CPU.Build.0 = Release|Any CPU
		{EB0114C2-10AC-FAB9-C99F-4B93A7907EF3}.Release|x64.ActiveCfg = Release|Any CPU
		{EB0114C2-10AC-FAB9-C99F-4B93A7907EF3}.Release|x64.Build.0 = Release|Any CPU
		{EB0114C2-10AC-FAB9-C99F-4B93A7907EF3}.Release|x86.ActiveCfg = Release|Any CPU
		{EB0114C2-10AC-FAB9-C99F-4B93A7907EF3}.Release|x86.Build.0 = Release|Any CPU
		{28EA3489-F144-41F1-8F70-23D3A87F6F81}.Debug|Any CPU.ActiveCfg = Debug|Any CPU
		{28EA3489-F144-41F1-8F70-23D3A87F6F81}.Debug|Any CPU.Build.0 = Debug|Any CPU
		{28EA3489-F144-41F1-8F70-23D3A87F6F81}.Debug|x64.ActiveCfg = Debug|Any CPU
		{28EA3489-F144-41F1-8F70-23D3A87F6F81}.Debug|x64.Build.0 = Debug|Any CPU
		{28EA3489-F144-41F1-8F70-23D3A87F6F81}.Debug|x86.ActiveCfg = Debug|Any CPU
		{28EA3489-F144-41F1-8F70-23D3A87F6F81}.Debug|x86.Build.0 = Debug|Any CPU
		{28EA3489-F144-41F1-8F70-23D3A87F6F81}.Release|Any CPU.ActiveCfg = Release|Any CPU
		{28EA3489-F144-41F1-8F70-23D3A87F6F81}.Release|Any CPU.Build.0 = Release|Any CPU
		{28EA3489-F144-41F1-8F70-23D3A87F6F81}.Release|x64.ActiveCfg = Release|Any CPU
		{28EA3489-F144-41F1-8F70-23D3A87F6F81}.Release|x64.Build.0 = Release|Any CPU
		{28EA3489-F144-41F1-8F70-23D3A87F6F81}.Release|x86.ActiveCfg = Release|Any CPU
		{28EA3489-F144-41F1-8F70-23D3A87F6F81}.Release|x86.Build.0 = Release|Any CPU
	EndGlobalSection
	GlobalSection(SolutionProperties) = preSolution
		HideSolutionNode = FALSE
	EndGlobalSection
	GlobalSection(NestedProjects) = preSolution
		{28EA3489-F144-41F1-8F70-23D3A87F6F81} = {0AB3BF05-4346-4AA6-1389-037BE0695223}
	EndGlobalSection
	GlobalSection(ExtensibilityGlobals) = postSolution
		SolutionGuid = {2612AAF7-2CA5-4C75-AAB7-312292A99627}
	EndGlobalSection
EndGlobal
